// !$*UTF8*$!
{
	archiveVersion = 1;
	classes = {
	};
	objectVersion = 52;
	objects = {

/* Begin PBXBuildFile section */
		4A0AFDCA25B341E70096B015 /* Sparkline.swift in Sources */ = {isa = PBXBuildFile; fileRef = 4A0AFDC925B341E70096B015 /* Sparkline.swift */; };
		4A0AFDD425B359690096B015 /* ProcessMonitor.swift in Sources */ = {isa = PBXBuildFile; fileRef = 4A0AFDD325B359690096B015 /* ProcessMonitor.swift */; };
		4A10A18C260AC705004508F8 /* LaunchAtLogin in Frameworks */ = {isa = PBXBuildFile; productRef = 4A10A18B260AC705004508F8 /* LaunchAtLogin */; };
		4A267B2125BB81F300530801 /* ProcessStats.swift in Sources */ = {isa = PBXBuildFile; fileRef = 4A267B2025BB81F300530801 /* ProcessStats.swift */; };
		4A267B2E25BB828700530801 /* ProcessStatsWindow.swift in Sources */ = {isa = PBXBuildFile; fileRef = 4A267B2D25BB828700530801 /* ProcessStatsWindow.swift */; };
		4A602E4625B0FA8B008AFC7F /* AppDelegate.swift in Sources */ = {isa = PBXBuildFile; fileRef = 4A602E4525B0FA8B008AFC7F /* AppDelegate.swift */; };
		4A602E4825B0FA8B008AFC7F /* ContentView.swift in Sources */ = {isa = PBXBuildFile; fileRef = 4A602E4725B0FA8B008AFC7F /* ContentView.swift */; };
		4A602E4A25B0FA8C008AFC7F /* Assets.xcassets in Resources */ = {isa = PBXBuildFile; fileRef = 4A602E4925B0FA8C008AFC7F /* Assets.xcassets */; };
		4A602E4D25B0FA8C008AFC7F /* Preview Assets.xcassets in Resources */ = {isa = PBXBuildFile; fileRef = 4A602E4C25B0FA8C008AFC7F /* Preview Assets.xcassets */; };
		4A602E5025B0FA8C008AFC7F /* Main.storyboard in Resources */ = {isa = PBXBuildFile; fileRef = 4A602E4E25B0FA8C008AFC7F /* Main.storyboard */; };
		4A602E5C25B0FA8C008AFC7F /* VitalsTests.swift in Sources */ = {isa = PBXBuildFile; fileRef = 4A602E5B25B0FA8C008AFC7F /* VitalsTests.swift */; };
		4A602E6725B0FA8D008AFC7F /* VitalsUITests.swift in Sources */ = {isa = PBXBuildFile; fileRef = 4A602E6625B0FA8D008AFC7F /* VitalsUITests.swift */; };
		4A602E7825B0FAC9008AFC7F /* StatusBarController.swift in Sources */ = {isa = PBXBuildFile; fileRef = 4A602E7725B0FAC9008AFC7F /* StatusBarController.swift */; };
/* End PBXBuildFile section */

/* Begin PBXContainerItemProxy section */
		4A602E5825B0FA8C008AFC7F /* PBXContainerItemProxy */ = {
			isa = PBXContainerItemProxy;
			containerPortal = 4A602E3A25B0FA8B008AFC7F /* Project object */;
			proxyType = 1;
			remoteGlobalIDString = 4A602E4125B0FA8B008AFC7F;
			remoteInfo = Vitals;
		};
		4A602E6325B0FA8D008AFC7F /* PBXContainerItemProxy */ = {
			isa = PBXContainerItemProxy;
			containerPortal = 4A602E3A25B0FA8B008AFC7F /* Project object */;
			proxyType = 1;
			remoteGlobalIDString = 4A602E4125B0FA8B008AFC7F;
			remoteInfo = Vitals;
		};
/* End PBXContainerItemProxy section */

/* Begin PBXFileReference section */
		4A0AFDC925B341E70096B015 /* Sparkline.swift */ = {isa = PBXFileReference; lastKnownFileType = sourcecode.swift; path = Sparkline.swift; sourceTree = "<group>"; };
		4A0AFDD325B359690096B015 /* ProcessMonitor.swift */ = {isa = PBXFileReference; lastKnownFileType = sourcecode.swift; path = ProcessMonitor.swift; sourceTree = "<group>"; };
		4A267B2025BB81F300530801 /* ProcessStats.swift */ = {isa = PBXFileReference; lastKnownFileType = sourcecode.swift; path = ProcessStats.swift; sourceTree = "<group>"; };
		4A267B2D25BB828700530801 /* ProcessStatsWindow.swift */ = {isa = PBXFileReference; lastKnownFileType = sourcecode.swift; path = ProcessStatsWindow.swift; sourceTree = "<group>"; };
		4A602E4225B0FA8B008AFC7F /* Vitals.app */ = {isa = PBXFileReference; explicitFileType = wrapper.application; includeInIndex = 0; path = Vitals.app; sourceTree = BUILT_PRODUCTS_DIR; };
		4A602E4525B0FA8B008AFC7F /* AppDelegate.swift */ = {isa = PBXFileReference; lastKnownFileType = sourcecode.swift; path = AppDelegate.swift; sourceTree = "<group>"; };
		4A602E4725B0FA8B008AFC7F /* ContentView.swift */ = {isa = PBXFileReference; lastKnownFileType = sourcecode.swift; path = ContentView.swift; sourceTree = "<group>"; };
		4A602E4925B0FA8C008AFC7F /* Assets.xcassets */ = {isa = PBXFileReference; lastKnownFileType = folder.assetcatalog; path = Assets.xcassets; sourceTree = "<group>"; };
		4A602E4C25B0FA8C008AFC7F /* Preview Assets.xcassets */ = {isa = PBXFileReference; lastKnownFileType = folder.assetcatalog; path = "Preview Assets.xcassets"; sourceTree = "<group>"; };
		4A602E4F25B0FA8C008AFC7F /* Base */ = {isa = PBXFileReference; lastKnownFileType = file.storyboard; name = Base; path = Base.lproj/Main.storyboard; sourceTree = "<group>"; };
		4A602E5125B0FA8C008AFC7F /* Info.plist */ = {isa = PBXFileReference; lastKnownFileType = text.plist.xml; path = Info.plist; sourceTree = "<group>"; };
		4A602E5225B0FA8C008AFC7F /* Vitals.entitlements */ = {isa = PBXFileReference; lastKnownFileType = text.plist.entitlements; path = Vitals.entitlements; sourceTree = "<group>"; };
		4A602E5725B0FA8C008AFC7F /* VitalsTests.xctest */ = {isa = PBXFileReference; explicitFileType = wrapper.cfbundle; includeInIndex = 0; path = VitalsTests.xctest; sourceTree = BUILT_PRODUCTS_DIR; };
		4A602E5B25B0FA8C008AFC7F /* VitalsTests.swift */ = {isa = PBXFileReference; lastKnownFileType = sourcecode.swift; path = VitalsTests.swift; sourceTree = "<group>"; };
		4A602E5D25B0FA8C008AFC7F /* Info.plist */ = {isa = PBXFileReference; lastKnownFileType = text.plist.xml; path = Info.plist; sourceTree = "<group>"; };
		4A602E6225B0FA8C008AFC7F /* VitalsUITests.xctest */ = {isa = PBXFileReference; explicitFileType = wrapper.cfbundle; includeInIndex = 0; path = VitalsUITests.xctest; sourceTree = BUILT_PRODUCTS_DIR; };
		4A602E6625B0FA8D008AFC7F /* VitalsUITests.swift */ = {isa = PBXFileReference; lastKnownFileType = sourcecode.swift; path = VitalsUITests.swift; sourceTree = "<group>"; };
		4A602E6825B0FA8D008AFC7F /* Info.plist */ = {isa = PBXFileReference; lastKnownFileType = text.plist.xml; path = Info.plist; sourceTree = "<group>"; };
		4A602E7725B0FAC9008AFC7F /* StatusBarController.swift */ = {isa = PBXFileReference; lastKnownFileType = sourcecode.swift; path = StatusBarController.swift; sourceTree = "<group>"; };
/* End PBXFileReference section */

/* Begin PBXFrameworksBuildPhase section */
		4A602E3F25B0FA8B008AFC7F /* Frameworks */ = {
			isa = PBXFrameworksBuildPhase;
			buildActionMask = 2147483647;
			files = (
				4A10A18C260AC705004508F8 /* LaunchAtLogin in Frameworks */,
			);
			runOnlyForDeploymentPostprocessing = 0;
		};
		4A602E5425B0FA8C008AFC7F /* Frameworks */ = {
			isa = PBXFrameworksBuildPhase;
			buildActionMask = 2147483647;
			files = (
			);
			runOnlyForDeploymentPostprocessing = 0;
		};
		4A602E5F25B0FA8C008AFC7F /* Frameworks */ = {
			isa = PBXFrameworksBuildPhase;
			buildActionMask = 2147483647;
			files = (
			);
			runOnlyForDeploymentPostprocessing = 0;
		};
/* End PBXFrameworksBuildPhase section */

/* Begin PBXGroup section */
		4A602E3925B0FA8B008AFC7F = {
			isa = PBXGroup;
			children = (
				4A602E4425B0FA8B008AFC7F /* Vitals */,
				4A602E5A25B0FA8C008AFC7F /* VitalsTests */,
				4A602E6525B0FA8D008AFC7F /* VitalsUITests */,
				4A602E4325B0FA8B008AFC7F /* Products */,
			);
			sourceTree = "<group>";
		};
		4A602E4325B0FA8B008AFC7F /* Products */ = {
			isa = PBXGroup;
			children = (
				4A602E4225B0FA8B008AFC7F /* Vitals.app */,
				4A602E5725B0FA8C008AFC7F /* VitalsTests.xctest */,
				4A602E6225B0FA8C008AFC7F /* VitalsUITests.xctest */,
			);
			name = Products;
			sourceTree = "<group>";
		};
		4A602E4425B0FA8B008AFC7F /* Vitals */ = {
			isa = PBXGroup;
			children = (
				4A602E4525B0FA8B008AFC7F /* AppDelegate.swift */,
				4A0AFDD325B359690096B015 /* ProcessMonitor.swift */,
				4A267B2025BB81F300530801 /* ProcessStats.swift */,
				4A267B2D25BB828700530801 /* ProcessStatsWindow.swift */,
				4A602E7725B0FAC9008AFC7F /* StatusBarController.swift */,
				4A602E4725B0FA8B008AFC7F /* ContentView.swift */,
				4A0AFDC925B341E70096B015 /* Sparkline.swift */,
				4A602E4925B0FA8C008AFC7F /* Assets.xcassets */,
				4A602E4E25B0FA8C008AFC7F /* Main.storyboard */,
				4A602E5125B0FA8C008AFC7F /* Info.plist */,
				4A602E5225B0FA8C008AFC7F /* Vitals.entitlements */,
				4A602E4B25B0FA8C008AFC7F /* Preview Content */,
			);
			path = Vitals;
			sourceTree = "<group>";
		};
		4A602E4B25B0FA8C008AFC7F /* Preview Content */ = {
			isa = PBXGroup;
			children = (
				4A602E4C25B0FA8C008AFC7F /* Preview Assets.xcassets */,
			);
			path = "Preview Content";
			sourceTree = "<group>";
		};
		4A602E5A25B0FA8C008AFC7F /* VitalsTests */ = {
			isa = PBXGroup;
			children = (
				4A602E5B25B0FA8C008AFC7F /* VitalsTests.swift */,
				4A602E5D25B0FA8C008AFC7F /* Info.plist */,
			);
			path = VitalsTests;
			sourceTree = "<group>";
		};
		4A602E6525B0FA8D008AFC7F /* VitalsUITests */ = {
			isa = PBXGroup;
			children = (
				4A602E6625B0FA8D008AFC7F /* VitalsUITests.swift */,
				4A602E6825B0FA8D008AFC7F /* Info.plist */,
			);
			path = VitalsUITests;
			sourceTree = "<group>";
		};
/* End PBXGroup section */

/* Begin PBXNativeTarget section */
		4A602E4125B0FA8B008AFC7F /* Vitals */ = {
			isa = PBXNativeTarget;
			buildConfigurationList = 4A602E6B25B0FA8D008AFC7F /* Build configuration list for PBXNativeTarget "Vitals" */;
			buildPhases = (
				4A602E3E25B0FA8B008AFC7F /* Sources */,
				4A602E3F25B0FA8B008AFC7F /* Frameworks */,
				4A602E4025B0FA8B008AFC7F /* Resources */,
				4A41094F260ACCEB0041E834 /* Copy "Launch at Login Helper" */,
			);
			buildRules = (
			);
			dependencies = (
			);
			name = Vitals;
			packageProductDependencies = (
				4A10A18B260AC705004508F8 /* LaunchAtLogin */,
			);
			productName = Vitals;
			productReference = 4A602E4225B0FA8B008AFC7F /* Vitals.app */;
			productType = "com.apple.product-type.application";
		};
		4A602E5625B0FA8C008AFC7F /* VitalsTests */ = {
			isa = PBXNativeTarget;
			buildConfigurationList = 4A602E6E25B0FA8D008AFC7F /* Build configuration list for PBXNativeTarget "VitalsTests" */;
			buildPhases = (
				4A602E5325B0FA8C008AFC7F /* Sources */,
				4A602E5425B0FA8C008AFC7F /* Frameworks */,
				4A602E5525B0FA8C008AFC7F /* Resources */,
			);
			buildRules = (
			);
			dependencies = (
				4A602E5925B0FA8C008AFC7F /* PBXTargetDependency */,
			);
			name = VitalsTests;
			productName = VitalsTests;
			productReference = 4A602E5725B0FA8C008AFC7F /* VitalsTests.xctest */;
			productType = "com.apple.product-type.bundle.unit-test";
		};
		4A602E6125B0FA8C008AFC7F /* VitalsUITests */ = {
			isa = PBXNativeTarget;
			buildConfigurationList = 4A602E7125B0FA8D008AFC7F /* Build configuration list for PBXNativeTarget "VitalsUITests" */;
			buildPhases = (
				4A602E5E25B0FA8C008AFC7F /* Sources */,
				4A602E5F25B0FA8C008AFC7F /* Frameworks */,
				4A602E6025B0FA8C008AFC7F /* Resources */,
			);
			buildRules = (
			);
			dependencies = (
				4A602E6425B0FA8D008AFC7F /* PBXTargetDependency */,
			);
			name = VitalsUITests;
			productName = VitalsUITests;
			productReference = 4A602E6225B0FA8C008AFC7F /* VitalsUITests.xctest */;
			productType = "com.apple.product-type.bundle.ui-testing";
		};
/* End PBXNativeTarget section */

/* Begin PBXProject section */
		4A602E3A25B0FA8B008AFC7F /* Project object */ = {
			isa = PBXProject;
			attributes = {
				LastSwiftUpdateCheck = 1230;
				LastUpgradeCheck = 1230;
				TargetAttributes = {
					4A602E4125B0FA8B008AFC7F = {
						CreatedOnToolsVersion = 12.3;
					};
					4A602E5625B0FA8C008AFC7F = {
						CreatedOnToolsVersion = 12.3;
						TestTargetID = 4A602E4125B0FA8B008AFC7F;
					};
					4A602E6125B0FA8C008AFC7F = {
						CreatedOnToolsVersion = 12.3;
						TestTargetID = 4A602E4125B0FA8B008AFC7F;
					};
				};
			};
			buildConfigurationList = 4A602E3D25B0FA8B008AFC7F /* Build configuration list for PBXProject "Vitals" */;
			compatibilityVersion = "Xcode 9.3";
			developmentRegion = en;
			hasScannedForEncodings = 0;
			knownRegions = (
				en,
				Base,
			);
			mainGroup = 4A602E3925B0FA8B008AFC7F;
			packageReferences = (
				4A10A18A260AC705004508F8 /* XCRemoteSwiftPackageReference "LaunchAtLogin" */,
			);
			productRefGroup = 4A602E4325B0FA8B008AFC7F /* Products */;
			projectDirPath = "";
			projectRoot = "";
			targets = (
				4A602E4125B0FA8B008AFC7F /* Vitals */,
				4A602E5625B0FA8C008AFC7F /* VitalsTests */,
				4A602E6125B0FA8C008AFC7F /* VitalsUITests */,
			);
		};
/* End PBXProject section */

/* Begin PBXResourcesBuildPhase section */
		4A602E4025B0FA8B008AFC7F /* Resources */ = {
			isa = PBXResourcesBuildPhase;
			buildActionMask = 2147483647;
			files = (
				4A602E5025B0FA8C008AFC7F /* Main.storyboard in Resources */,
				4A602E4D25B0FA8C008AFC7F /* Preview Assets.xcassets in Resources */,
				4A602E4A25B0FA8C008AFC7F /* Assets.xcassets in Resources */,
			);
			runOnlyForDeploymentPostprocessing = 0;
		};
		4A602E5525B0FA8C008AFC7F /* Resources */ = {
			isa = PBXResourcesBuildPhase;
			buildActionMask = 2147483647;
			files = (
			);
			runOnlyForDeploymentPostprocessing = 0;
		};
		4A602E6025B0FA8C008AFC7F /* Resources */ = {
			isa = PBXResourcesBuildPhase;
			buildActionMask = 2147483647;
			files = (
			);
			runOnlyForDeploymentPostprocessing = 0;
		};
/* End PBXResourcesBuildPhase section */

/* Begin PBXShellScriptBuildPhase section */
		4A41094F260ACCEB0041E834 /* Copy "Launch at Login Helper" */ = {
			isa = PBXShellScriptBuildPhase;
			buildActionMask = 2147483647;
			files = (
			);
			inputFileListPaths = (
			);
			inputPaths = (
			);
			name = "Copy \"Launch at Login Helper\"";
			outputFileListPaths = (
			);
			outputPaths = (
			);
			runOnlyForDeploymentPostprocessing = 0;
			shellPath = /bin/sh;
			shellScript = "\"${BUILT_PRODUCTS_DIR}/LaunchAtLogin_LaunchAtLogin.bundle/Contents/Resources/copy-helper-swiftpm.sh\"\n";
		};
/* End PBXShellScriptBuildPhase section */

/* Begin PBXSourcesBuildPhase section */
		4A602E3E25B0FA8B008AFC7F /* Sources */ = {
			isa = PBXSourcesBuildPhase;
			buildActionMask = 2147483647;
			files = (
				4A602E4825B0FA8B008AFC7F /* ContentView.swift in Sources */,
				4A602E7825B0FAC9008AFC7F /* StatusBarController.swift in Sources */,
				4A602E4625B0FA8B008AFC7F /* AppDelegate.swift in Sources */,
				4A0AFDD425B359690096B015 /* ProcessMonitor.swift in Sources */,
				4A267B2125BB81F300530801 /* ProcessStats.swift in Sources */,
				4A0AFDCA25B341E70096B015 /* Sparkline.swift in Sources */,
				4A267B2E25BB828700530801 /* ProcessStatsWindow.swift in Sources */,
			);
			runOnlyForDeploymentPostprocessing = 0;
		};
		4A602E5325B0FA8C008AFC7F /* Sources */ = {
			isa = PBXSourcesBuildPhase;
			buildActionMask = 2147483647;
			files = (
				4A602E5C25B0FA8C008AFC7F /* VitalsTests.swift in Sources */,
			);
			runOnlyForDeploymentPostprocessing = 0;
		};
		4A602E5E25B0FA8C008AFC7F /* Sources */ = {
			isa = PBXSourcesBuildPhase;
			buildActionMask = 2147483647;
			files = (
				4A602E6725B0FA8D008AFC7F /* VitalsUITests.swift in Sources */,
			);
			runOnlyForDeploymentPostprocessing = 0;
		};
/* End PBXSourcesBuildPhase section */

/* Begin PBXTargetDependency section */
		4A602E5925B0FA8C008AFC7F /* PBXTargetDependency */ = {
			isa = PBXTargetDependency;
			target = 4A602E4125B0FA8B008AFC7F /* Vitals */;
			targetProxy = 4A602E5825B0FA8C008AFC7F /* PBXContainerItemProxy */;
		};
		4A602E6425B0FA8D008AFC7F /* PBXTargetDependency */ = {
			isa = PBXTargetDependency;
			target = 4A602E4125B0FA8B008AFC7F /* Vitals */;
			targetProxy = 4A602E6325B0FA8D008AFC7F /* PBXContainerItemProxy */;
		};
/* End PBXTargetDependency section */

/* Begin PBXVariantGroup section */
		4A602E4E25B0FA8C008AFC7F /* Main.storyboard */ = {
			isa = PBXVariantGroup;
			children = (
				4A602E4F25B0FA8C008AFC7F /* Base */,
			);
			name = Main.storyboard;
			sourceTree = "<group>";
		};
/* End PBXVariantGroup section */

/* Begin XCBuildConfiguration section */
		4A602E6925B0FA8D008AFC7F /* Debug */ = {
			isa = XCBuildConfiguration;
			buildSettings = {
				ALWAYS_SEARCH_USER_PATHS = NO;
				CLANG_ANALYZER_NONNULL = YES;
				CLANG_ANALYZER_NUMBER_OBJECT_CONVERSION = YES_AGGRESSIVE;
				CLANG_CXX_LANGUAGE_STANDARD = "gnu++14";
				CLANG_CXX_LIBRARY = "libc++";
				CLANG_ENABLE_MODULES = YES;
				CLANG_ENABLE_OBJC_ARC = YES;
				CLANG_ENABLE_OBJC_WEAK = YES;
				CLANG_WARN_BLOCK_CAPTURE_AUTORELEASING = YES;
				CLANG_WARN_BOOL_CONVERSION = YES;
				CLANG_WARN_COMMA = YES;
				CLANG_WARN_CONSTANT_CONVERSION = YES;
				CLANG_WARN_DEPRECATED_OBJC_IMPLEMENTATIONS = YES;
				CLANG_WARN_DIRECT_OBJC_ISA_USAGE = YES_ERROR;
				CLANG_WARN_DOCUMENTATION_COMMENTS = YES;
				CLANG_WARN_EMPTY_BODY = YES;
				CLANG_WARN_ENUM_CONVERSION = YES;
				CLANG_WARN_INFINITE_RECURSION = YES;
				CLANG_WARN_INT_CONVERSION = YES;
				CLANG_WARN_NON_LITERAL_NULL_CONVERSION = YES;
				CLANG_WARN_OBJC_IMPLICIT_RETAIN_SELF = YES;
				CLANG_WARN_OBJC_LITERAL_CONVERSION = YES;
				CLANG_WARN_OBJC_ROOT_CLASS = YES_ERROR;
				CLANG_WARN_QUOTED_INCLUDE_IN_FRAMEWORK_HEADER = YES;
				CLANG_WARN_RANGE_LOOP_ANALYSIS = YES;
				CLANG_WARN_STRICT_PROTOTYPES = YES;
				CLANG_WARN_SUSPICIOUS_MOVE = YES;
				CLANG_WARN_UNGUARDED_AVAILABILITY = YES_AGGRESSIVE;
				CLANG_WARN_UNREACHABLE_CODE = YES;
				CLANG_WARN__DUPLICATE_METHOD_MATCH = YES;
				COPY_PHASE_STRIP = NO;
				DEBUG_INFORMATION_FORMAT = dwarf;
				ENABLE_STRICT_OBJC_MSGSEND = YES;
				ENABLE_TESTABILITY = YES;
				GCC_C_LANGUAGE_STANDARD = gnu11;
				GCC_DYNAMIC_NO_PIC = NO;
				GCC_NO_COMMON_BLOCKS = YES;
				GCC_OPTIMIZATION_LEVEL = 0;
				GCC_PREPROCESSOR_DEFINITIONS = (
					"DEBUG=1",
					"$(inherited)",
				);
				GCC_WARN_64_TO_32_BIT_CONVERSION = YES;
				GCC_WARN_ABOUT_RETURN_TYPE = YES_ERROR;
				GCC_WARN_UNDECLARED_SELECTOR = YES;
				GCC_WARN_UNINITIALIZED_AUTOS = YES_AGGRESSIVE;
				GCC_WARN_UNUSED_FUNCTION = YES;
				GCC_WARN_UNUSED_VARIABLE = YES;
				MACOSX_DEPLOYMENT_TARGET = 10.15;
				MTL_ENABLE_DEBUG_INFO = INCLUDE_SOURCE;
				MTL_FAST_MATH = YES;
				ONLY_ACTIVE_ARCH = YES;
				SDKROOT = macosx;
				SWIFT_ACTIVE_COMPILATION_CONDITIONS = DEBUG;
				SWIFT_OPTIMIZATION_LEVEL = "-Onone";
			};
			name = Debug;
		};
		4A602E6A25B0FA8D008AFC7F /* Release */ = {
			isa = XCBuildConfiguration;
			buildSettings = {
				ALWAYS_SEARCH_USER_PATHS = NO;
				CLANG_ANALYZER_NONNULL = YES;
				CLANG_ANALYZER_NUMBER_OBJECT_CONVERSION = YES_AGGRESSIVE;
				CLANG_CXX_LANGUAGE_STANDARD = "gnu++14";
				CLANG_CXX_LIBRARY = "libc++";
				CLANG_ENABLE_MODULES = YES;
				CLANG_ENABLE_OBJC_ARC = YES;
				CLANG_ENABLE_OBJC_WEAK = YES;
				CLANG_WARN_BLOCK_CAPTURE_AUTORELEASING = YES;
				CLANG_WARN_BOOL_CONVERSION = YES;
				CLANG_WARN_COMMA = YES;
				CLANG_WARN_CONSTANT_CONVERSION = YES;
				CLANG_WARN_DEPRECATED_OBJC_IMPLEMENTATIONS = YES;
				CLANG_WARN_DIRECT_OBJC_ISA_USAGE = YES_ERROR;
				CLANG_WARN_DOCUMENTATION_COMMENTS = YES;
				CLANG_WARN_EMPTY_BODY = YES;
				CLANG_WARN_ENUM_CONVERSION = YES;
				CLANG_WARN_INFINITE_RECURSION = YES;
				CLANG_WARN_INT_CONVERSION = YES;
				CLANG_WARN_NON_LITERAL_NULL_CONVERSION = YES;
				CLANG_WARN_OBJC_IMPLICIT_RETAIN_SELF = YES;
				CLANG_WARN_OBJC_LITERAL_CONVERSION = YES;
				CLANG_WARN_OBJC_ROOT_CLASS = YES_ERROR;
				CLANG_WARN_QUOTED_INCLUDE_IN_FRAMEWORK_HEADER = YES;
				CLANG_WARN_RANGE_LOOP_ANALYSIS = YES;
				CLANG_WARN_STRICT_PROTOTYPES = YES;
				CLANG_WARN_SUSPICIOUS_MOVE = YES;
				CLANG_WARN_UNGUARDED_AVAILABILITY = YES_AGGRESSIVE;
				CLANG_WARN_UNREACHABLE_CODE = YES;
				CLANG_WARN__DUPLICATE_METHOD_MATCH = YES;
				COPY_PHASE_STRIP = NO;
				DEBUG_INFORMATION_FORMAT = "dwarf-with-dsym";
				ENABLE_NS_ASSERTIONS = NO;
				ENABLE_STRICT_OBJC_MSGSEND = YES;
				GCC_C_LANGUAGE_STANDARD = gnu11;
				GCC_NO_COMMON_BLOCKS = YES;
				GCC_WARN_64_TO_32_BIT_CONVERSION = YES;
				GCC_WARN_ABOUT_RETURN_TYPE = YES_ERROR;
				GCC_WARN_UNDECLARED_SELECTOR = YES;
				GCC_WARN_UNINITIALIZED_AUTOS = YES_AGGRESSIVE;
				GCC_WARN_UNUSED_FUNCTION = YES;
				GCC_WARN_UNUSED_VARIABLE = YES;
				MACOSX_DEPLOYMENT_TARGET = 10.15;
				MTL_ENABLE_DEBUG_INFO = NO;
				MTL_FAST_MATH = YES;
				SDKROOT = macosx;
				SWIFT_COMPILATION_MODE = wholemodule;
				SWIFT_OPTIMIZATION_LEVEL = "-O";
			};
			name = Release;
		};
		4A602E6C25B0FA8D008AFC7F /* Debug */ = {
			isa = XCBuildConfiguration;
			buildSettings = {
				ASSETCATALOG_COMPILER_APPICON_NAME = AppIcon;
				ASSETCATALOG_COMPILER_GLOBAL_ACCENT_COLOR_NAME = AccentColor;
				CODE_SIGN_ENTITLEMENTS = Vitals/Vitals.entitlements;
				CODE_SIGN_STYLE = Automatic;
				COMBINE_HIDPI_IMAGES = YES;
				DEVELOPMENT_ASSET_PATHS = "\"Vitals/Preview Content\"";
				DEVELOPMENT_TEAM = UCJPGY3HT2;
				ENABLE_HARDENED_RUNTIME = YES;
				ENABLE_PREVIEWS = YES;
				INFOPLIST_FILE = Vitals/Info.plist;
				LD_RUNPATH_SEARCH_PATHS = (
					"$(inherited)",
					"@executable_path/../Frameworks",
				);
				MACOSX_DEPLOYMENT_TARGET = 10.15;
				MARKETING_VERSION = 0.2;
				PRODUCT_BUNDLE_IDENTIFIER = com.hmarr.Vitals;
				PRODUCT_NAME = "$(TARGET_NAME)";
				"SWIFT_INCLUDE_PATHS[arch=*]" = "${SRCROOT}/**";
				SWIFT_VERSION = 5.0;
			};
			name = Debug;
		};
		4A602E6D25B0FA8D008AFC7F /* Release */ = {
			isa = XCBuildConfiguration;
			buildSettings = {
				ASSETCATALOG_COMPILER_APPICON_NAME = AppIcon;
				ASSETCATALOG_COMPILER_GLOBAL_ACCENT_COLOR_NAME = AccentColor;
				CODE_SIGN_ENTITLEMENTS = Vitals/Vitals.entitlements;
				CODE_SIGN_STYLE = Automatic;
				COMBINE_HIDPI_IMAGES = YES;
				DEVELOPMENT_ASSET_PATHS = "\"Vitals/Preview Content\"";
				DEVELOPMENT_TEAM = UCJPGY3HT2;
				ENABLE_HARDENED_RUNTIME = YES;
				ENABLE_PREVIEWS = YES;
				INFOPLIST_FILE = Vitals/Info.plist;
				LD_RUNPATH_SEARCH_PATHS = (
					"$(inherited)",
					"@executable_path/../Frameworks",
				);
				MACOSX_DEPLOYMENT_TARGET = 10.15;
				MARKETING_VERSION = 0.2;
				PRODUCT_BUNDLE_IDENTIFIER = com.hmarr.Vitals;
				PRODUCT_NAME = "$(TARGET_NAME)";
				"SWIFT_INCLUDE_PATHS[arch=*]" = "${SRCROOT}/**";
				SWIFT_VERSION = 5.0;
			};
			name = Release;
		};
		4A602E6F25B0FA8D008AFC7F /* Debug */ = {
			isa = XCBuildConfiguration;
			buildSettings = {
				ALWAYS_EMBED_SWIFT_STANDARD_LIBRARIES = YES;
				BUNDLE_LOADER = "$(TEST_HOST)";
				CODE_SIGN_STYLE = Automatic;
				COMBINE_HIDPI_IMAGES = YES;
				DEVELOPMENT_TEAM = UCJPGY3HT2;
				INFOPLIST_FILE = VitalsTests/Info.plist;
				LD_RUNPATH_SEARCH_PATHS = (
					"$(inherited)",
					"@executable_path/../Frameworks",
					"@loader_path/../Frameworks",
				);
				MACOSX_DEPLOYMENT_TARGET = 10.15;
				PRODUCT_BUNDLE_IDENTIFIER = com.hmarr.VitalsTests;
				PRODUCT_NAME = "$(TARGET_NAME)";
				SWIFT_VERSION = 5.0;
				TEST_HOST = "$(BUILT_PRODUCTS_DIR)/Vitals.app/Contents/MacOS/Vitals";
			};
			name = Debug;
		};
		4A602E7025B0FA8D008AFC7F /* Release */ = {
			isa = XCBuildConfiguration;
			buildSettings = {
				ALWAYS_EMBED_SWIFT_STANDARD_LIBRARIES = YES;
				BUNDLE_LOADER = "$(TEST_HOST)";
				CODE_SIGN_STYLE = Automatic;
				COMBINE_HIDPI_IMAGES = YES;
				DEVELOPMENT_TEAM = UCJPGY3HT2;
				INFOPLIST_FILE = VitalsTests/Info.plist;
				LD_RUNPATH_SEARCH_PATHS = (
					"$(inherited)",
					"@executable_path/../Frameworks",
					"@loader_path/../Frameworks",
				);
				MACOSX_DEPLOYMENT_TARGET = 10.15;
				PRODUCT_BUNDLE_IDENTIFIER = com.hmarr.VitalsTests;
				PRODUCT_NAME = "$(TARGET_NAME)";
				SWIFT_VERSION = 5.0;
				TEST_HOST = "$(BUILT_PRODUCTS_DIR)/Vitals.app/Contents/MacOS/Vitals";
			};
			name = Release;
		};
		4A602E7225B0FA8D008AFC7F /* Debug */ = {
			isa = XCBuildConfiguration;
			buildSettings = {
				ALWAYS_EMBED_SWIFT_STANDARD_LIBRARIES = YES;
				CODE_SIGN_STYLE = Automatic;
				COMBINE_HIDPI_IMAGES = YES;
				DEVELOPMENT_TEAM = UCJPGY3HT2;
				INFOPLIST_FILE = VitalsUITests/Info.plist;
				LD_RUNPATH_SEARCH_PATHS = (
					"$(inherited)",
					"@executable_path/../Frameworks",
					"@loader_path/../Frameworks",
				);
				PRODUCT_BUNDLE_IDENTIFIER = com.hmarr.VitalsUITests;
				PRODUCT_NAME = "$(TARGET_NAME)";
				SWIFT_VERSION = 5.0;
				TEST_TARGET_NAME = Vitals;
			};
			name = Debug;
		};
		4A602E7325B0FA8D008AFC7F /* Release */ = {
			isa = XCBuildConfiguration;
			buildSettings = {
				ALWAYS_EMBED_SWIFT_STANDARD_LIBRARIES = YES;
				CODE_SIGN_STYLE = Automatic;
				COMBINE_HIDPI_IMAGES = YES;
				DEVELOPMENT_TEAM = UCJPGY3HT2;
				INFOPLIST_FILE = VitalsUITests/Info.plist;
				LD_RUNPATH_SEARCH_PATHS = (
					"$(inherited)",
					"@executable_path/../Frameworks",
					"@loader_path/../Frameworks",
				);
				PRODUCT_BUNDLE_IDENTIFIER = com.hmarr.VitalsUITests;
				PRODUCT_NAME = "$(TARGET_NAME)";
				SWIFT_VERSION = 5.0;
				TEST_TARGET_NAME = Vitals;
			};
			name = Release;
		};
/* End XCBuildConfiguration section */

/* Begin XCConfigurationList section */
		4A602E3D25B0FA8B008AFC7F /* Build configuration list for PBXProject "Vitals" */ = {
			isa = XCConfigurationList;
			buildConfigurations = (
				4A602E6925B0FA8D008AFC7F /* Debug */,
				4A602E6A25B0FA8D008AFC7F /* Release */,
			);
			defaultConfigurationIsVisible = 0;
			defaultConfigurationName = Release;
		};
		4A602E6B25B0FA8D008AFC7F /* Build configuration list for PBXNativeTarget "Vitals" */ = {
			isa = XCConfigurationList;
			buildConfigurations = (
				4A602E6C25B0FA8D008AFC7F /* Debug */,
				4A602E6D25B0FA8D008AFC7F /* Release */,
			);
			defaultConfigurationIsVisible = 0;
			defaultConfigurationName = Release;
		};
		4A602E6E25B0FA8D008AFC7F /* Build configuration list for PBXNativeTarget "VitalsTests" */ = {
			isa = XCConfigurationList;
			buildConfigurations = (
				4A602E6F25B0FA8D008AFC7F /* Debug */,
				4A602E7025B0FA8D008AFC7F /* Release */,
			);
			defaultConfigurationIsVisible = 0;
			defaultConfigurationName = Release;
		};
		4A602E7125B0FA8D008AFC7F /* Build configuration list for PBXNativeTarget "VitalsUITests" */ = {
			isa = XCConfigurationList;
			buildConfigurations = (
				4A602E7225B0FA8D008AFC7F /* Debug */,
				4A602E7325B0FA8D008AFC7F /* Release */,
			);
			defaultConfigurationIsVisible = 0;
			defaultConfigurationName = Release;
		};
/* End XCConfigurationList section */

/* Begin XCRemoteSwiftPackageReference section */
		4A10A18A260AC705004508F8 /* XCRemoteSwiftPackageReference "LaunchAtLogin" */ = {
			isa = XCRemoteSwiftPackageReference;
			repositoryURL = "https://github.com/sindresorhus/LaunchAtLogin";
			requirement = {
				kind = upToNextMajorVersion;
				minimumVersion = 4.1.0;
			};
		};
/* End XCRemoteSwiftPackageReference section */

/* Begin XCSwiftPackageProductDependency section */
		4A10A18B260AC705004508F8 /* LaunchAtLogin */ = {
			isa = XCSwiftPackageProductDependency;
			package = 4A10A18A260AC705004508F8 /* XCRemoteSwiftPackageReference "LaunchAtLogin" */;
			productName = LaunchAtLogin;
		};
/* End XCSwiftPackageProductDependency section */
	};
	rootObject = 4A602E3A25B0FA8B008AFC7F /* Project object */;
}
